// !$*UTF8*$!
{
	archiveVersion = 1;
	classes = {
	};
	objectVersion = 56;
	objects = {

/* Begin PBXBuildFile section */
		589219E72B678F6B001B3ED4 /* MedicationRecord.swift in Sources */ = {isa = PBXBuildFile; fileRef = 589219E62B678F6B001B3ED4 /* MedicationRecord.swift */; };
		589219E92B679109001B3ED4 /* MedicationIntakeInfo.swift in Sources */ = {isa = PBXBuildFile; fileRef = 589219E82B679109001B3ED4 /* MedicationIntakeInfo.swift */; };
		589219EB2B679259001B3ED4 /* SimplifiedMedicationIntakeInfo.swift in Sources */ = {isa = PBXBuildFile; fileRef = 589219EA2B679259001B3ED4 /* SimplifiedMedicationIntakeInfo.swift */; };
		589219ED2B679453001B3ED4 /* PushNotificationInfo.swift in Sources */ = {isa = PBXBuildFile; fileRef = 589219EC2B679453001B3ED4 /* PushNotificationInfo.swift */; };
		589219F32B679B63001B3ED4 /* UseCase.swift in Sources */ = {isa = PBXBuildFile; fileRef = 589219F22B679B63001B3ED4 /* UseCase.swift */; };
		589219F52B679BBF001B3ED4 /* Interactor.swift in Sources */ = {isa = PBXBuildFile; fileRef = 589219F42B679BBF001B3ED4 /* Interactor.swift */; };
		589219F72B679C10001B3ED4 /* Repository.swift in Sources */ = {isa = PBXBuildFile; fileRef = 589219F62B679C10001B3ED4 /* Repository.swift */; };
		589219F92B679D15001B3ED4 /* OngoingMedicationRepository.swift in Sources */ = {isa = PBXBuildFile; fileRef = 589219F82B679D15001B3ED4 /* OngoingMedicationRepository.swift */; };
		589219FE2B679F5D001B3ED4 /* SomeNetworkService.swift in Sources */ = {isa = PBXBuildFile; fileRef = 589219FD2B679F5D001B3ED4 /* SomeNetworkService.swift */; };
		58921A022B679F79001B3ED4 /* SomeNetworkDataSource.swift in Sources */ = {isa = PBXBuildFile; fileRef = 58921A012B679F79001B3ED4 /* SomeNetworkDataSource.swift */; };
		58921A042B679F9A001B3ED4 /* LocalDataSource.swift in Sources */ = {isa = PBXBuildFile; fileRef = 58921A032B679F9A001B3ED4 /* LocalDataSource.swift */; };
		58921A062B67A373001B3ED4 /* OngoingMedicationDataSource.swift in Sources */ = {isa = PBXBuildFile; fileRef = 58921A052B67A373001B3ED4 /* OngoingMedicationDataSource.swift */; };
		58921A092B67CAC4001B3ED4 /* Realm in Frameworks */ = {isa = PBXBuildFile; productRef = 58921A082B67CAC4001B3ED4 /* Realm */; };
		58921A0B2B67CAC4001B3ED4 /* RealmSwift in Frameworks */ = {isa = PBXBuildFile; productRef = 58921A0A2B67CAC4001B3ED4 /* RealmSwift */; };
		58921A102B680EA7001B3ED4 /* HomeReducer.swift in Sources */ = {isa = PBXBuildFile; fileRef = 58921A0F2B680EA7001B3ED4 /* HomeReducer.swift */; };
		58921A122B68CBBD001B3ED4 /* HomeView.swift in Sources */ = {isa = PBXBuildFile; fileRef = 58921A112B68CBBD001B3ED4 /* HomeView.swift */; };
		58921A152B68D060001B3ED4 /* RegisterNewMedicationView.swift in Sources */ = {isa = PBXBuildFile; fileRef = 58921A142B68D060001B3ED4 /* RegisterNewMedicationView.swift */; };
		58921A182B6910B8001B3ED4 /* OngoingMedicationClient.swift in Sources */ = {isa = PBXBuildFile; fileRef = 58921A172B6910B8001B3ED4 /* OngoingMedicationClient.swift */; };
		58A65D5D2B611E9000FB92CC /* PomedsApp.swift in Sources */ = {isa = PBXBuildFile; fileRef = 58A65D5C2B611E9000FB92CC /* PomedsApp.swift */; };
		58A65D632B611E9400FB92CC /* Assets.xcassets in Resources */ = {isa = PBXBuildFile; fileRef = 58A65D622B611E9400FB92CC /* Assets.xcassets */; };
		58A65D662B611E9400FB92CC /* Preview Assets.xcassets in Resources */ = {isa = PBXBuildFile; fileRef = 58A65D652B611E9400FB92CC /* Preview Assets.xcassets */; };
		58A65D722B611E9400FB92CC /* PomedsTests.swift in Sources */ = {isa = PBXBuildFile; fileRef = 58A65D712B611E9400FB92CC /* PomedsTests.swift */; };
		58A65D7C2B611E9400FB92CC /* PomedsUITests.swift in Sources */ = {isa = PBXBuildFile; fileRef = 58A65D7B2B611E9400FB92CC /* PomedsUITests.swift */; };
		58A65D7E2B611E9400FB92CC /* PomedsUITestsLaunchTests.swift in Sources */ = {isa = PBXBuildFile; fileRef = 58A65D7D2B611E9400FB92CC /* PomedsUITestsLaunchTests.swift */; };
		58A65D8C2B611F4F00FB92CC /* Lottie in Frameworks */ = {isa = PBXBuildFile; productRef = 58A65D8B2B611F4F00FB92CC /* Lottie */; };
		58A65D8F2B61202000FB92CC /* ComposableArchitecture in Frameworks */ = {isa = PBXBuildFile; productRef = 58A65D8E2B61202000FB92CC /* ComposableArchitecture */; };
/* End PBXBuildFile section */

/* Begin PBXContainerItemProxy section */
		58A65D6E2B611E9400FB92CC /* PBXContainerItemProxy */ = {
			isa = PBXContainerItemProxy;
			containerPortal = 58A65D512B611E9000FB92CC /* Project object */;
			proxyType = 1;
			remoteGlobalIDString = 58A65D582B611E9000FB92CC;
			remoteInfo = Pomeds;
		};
		58A65D782B611E9400FB92CC /* PBXContainerItemProxy */ = {
			isa = PBXContainerItemProxy;
			containerPortal = 58A65D512B611E9000FB92CC /* Project object */;
			proxyType = 1;
			remoteGlobalIDString = 58A65D582B611E9000FB92CC;
			remoteInfo = Pomeds;
		};
/* End PBXContainerItemProxy section */

/* Begin PBXFileReference section */
		589219E62B678F6B001B3ED4 /* MedicationRecord.swift */ = {isa = PBXFileReference; lastKnownFileType = sourcecode.swift; path = MedicationRecord.swift; sourceTree = "<group>"; };
		589219E82B679109001B3ED4 /* MedicationIntakeInfo.swift */ = {isa = PBXFileReference; lastKnownFileType = sourcecode.swift; path = MedicationIntakeInfo.swift; sourceTree = "<group>"; };
		589219EA2B679259001B3ED4 /* SimplifiedMedicationIntakeInfo.swift */ = {isa = PBXFileReference; lastKnownFileType = sourcecode.swift; path = SimplifiedMedicationIntakeInfo.swift; sourceTree = "<group>"; };
		589219EC2B679453001B3ED4 /* PushNotificationInfo.swift */ = {isa = PBXFileReference; lastKnownFileType = sourcecode.swift; path = PushNotificationInfo.swift; sourceTree = "<group>"; };
		589219F22B679B63001B3ED4 /* UseCase.swift */ = {isa = PBXFileReference; lastKnownFileType = sourcecode.swift; path = UseCase.swift; sourceTree = "<group>"; };
		589219F42B679BBF001B3ED4 /* Interactor.swift */ = {isa = PBXFileReference; lastKnownFileType = sourcecode.swift; path = Interactor.swift; sourceTree = "<group>"; };
		589219F62B679C10001B3ED4 /* Repository.swift */ = {isa = PBXFileReference; lastKnownFileType = sourcecode.swift; path = Repository.swift; sourceTree = "<group>"; };
		589219F82B679D15001B3ED4 /* OngoingMedicationRepository.swift */ = {isa = PBXFileReference; lastKnownFileType = sourcecode.swift; path = OngoingMedicationRepository.swift; sourceTree = "<group>"; };
		589219FD2B679F5D001B3ED4 /* SomeNetworkService.swift */ = {isa = PBXFileReference; lastKnownFileType = sourcecode.swift; path = SomeNetworkService.swift; sourceTree = "<group>"; };
		58921A012B679F79001B3ED4 /* SomeNetworkDataSource.swift */ = {isa = PBXFileReference; lastKnownFileType = sourcecode.swift; path = SomeNetworkDataSource.swift; sourceTree = "<group>"; };
		58921A032B679F9A001B3ED4 /* LocalDataSource.swift */ = {isa = PBXFileReference; lastKnownFileType = sourcecode.swift; path = LocalDataSource.swift; sourceTree = "<group>"; };
		58921A052B67A373001B3ED4 /* OngoingMedicationDataSource.swift */ = {isa = PBXFileReference; lastKnownFileType = sourcecode.swift; path = OngoingMedicationDataSource.swift; sourceTree = "<group>"; };
		58921A0F2B680EA7001B3ED4 /* HomeReducer.swift */ = {isa = PBXFileReference; lastKnownFileType = sourcecode.swift; path = HomeReducer.swift; sourceTree = "<group>"; };
		58921A112B68CBBD001B3ED4 /* HomeView.swift */ = {isa = PBXFileReference; lastKnownFileType = sourcecode.swift; path = HomeView.swift; sourceTree = "<group>"; };
		58921A142B68D060001B3ED4 /* RegisterNewMedicationView.swift */ = {isa = PBXFileReference; lastKnownFileType = sourcecode.swift; path = RegisterNewMedicationView.swift; sourceTree = "<group>"; };
		58921A172B6910B8001B3ED4 /* OngoingMedicationClient.swift */ = {isa = PBXFileReference; lastKnownFileType = sourcecode.swift; path = OngoingMedicationClient.swift; sourceTree = "<group>"; };
		58A65D592B611E9000FB92CC /* Pomeds.app */ = {isa = PBXFileReference; explicitFileType = wrapper.application; includeInIndex = 0; path = Pomeds.app; sourceTree = BUILT_PRODUCTS_DIR; };
		58A65D5C2B611E9000FB92CC /* PomedsApp.swift */ = {isa = PBXFileReference; lastKnownFileType = sourcecode.swift; path = PomedsApp.swift; sourceTree = "<group>"; };
		58A65D622B611E9400FB92CC /* Assets.xcassets */ = {isa = PBXFileReference; lastKnownFileType = folder.assetcatalog; path = Assets.xcassets; sourceTree = "<group>"; };
		58A65D652B611E9400FB92CC /* Preview Assets.xcassets */ = {isa = PBXFileReference; lastKnownFileType = folder.assetcatalog; path = "Preview Assets.xcassets"; sourceTree = "<group>"; };
		58A65D672B611E9400FB92CC /* Pomeds.entitlements */ = {isa = PBXFileReference; lastKnownFileType = text.plist.entitlements; path = Pomeds.entitlements; sourceTree = "<group>"; };
		58A65D682B611E9400FB92CC /* Info.plist */ = {isa = PBXFileReference; lastKnownFileType = text.plist.xml; path = Info.plist; sourceTree = "<group>"; };
		58A65D6D2B611E9400FB92CC /* PomedsTests.xctest */ = {isa = PBXFileReference; explicitFileType = wrapper.cfbundle; includeInIndex = 0; path = PomedsTests.xctest; sourceTree = BUILT_PRODUCTS_DIR; };
		58A65D712B611E9400FB92CC /* PomedsTests.swift */ = {isa = PBXFileReference; lastKnownFileType = sourcecode.swift; path = PomedsTests.swift; sourceTree = "<group>"; };
		58A65D772B611E9400FB92CC /* PomedsUITests.xctest */ = {isa = PBXFileReference; explicitFileType = wrapper.cfbundle; includeInIndex = 0; path = PomedsUITests.xctest; sourceTree = BUILT_PRODUCTS_DIR; };
		58A65D7B2B611E9400FB92CC /* PomedsUITests.swift */ = {isa = PBXFileReference; lastKnownFileType = sourcecode.swift; path = PomedsUITests.swift; sourceTree = "<group>"; };
		58A65D7D2B611E9400FB92CC /* PomedsUITestsLaunchTests.swift */ = {isa = PBXFileReference; lastKnownFileType = sourcecode.swift; path = PomedsUITestsLaunchTests.swift; sourceTree = "<group>"; };
/* End PBXFileReference section */

/* Begin PBXFrameworksBuildPhase section */
		58A65D562B611E9000FB92CC /* Frameworks */ = {
			isa = PBXFrameworksBuildPhase;
			buildActionMask = 2147483647;
			files = (
				58921A0B2B67CAC4001B3ED4 /* RealmSwift in Frameworks */,
				58921A092B67CAC4001B3ED4 /* Realm in Frameworks */,
				58A65D8F2B61202000FB92CC /* ComposableArchitecture in Frameworks */,
				58A65D8C2B611F4F00FB92CC /* Lottie in Frameworks */,
			);
			runOnlyForDeploymentPostprocessing = 0;
		};
		58A65D6A2B611E9400FB92CC /* Frameworks */ = {
			isa = PBXFrameworksBuildPhase;
			buildActionMask = 2147483647;
			files = (
			);
			runOnlyForDeploymentPostprocessing = 0;
		};
		58A65D742B611E9400FB92CC /* Frameworks */ = {
			isa = PBXFrameworksBuildPhase;
			buildActionMask = 2147483647;
			files = (
			);
			runOnlyForDeploymentPostprocessing = 0;
		};
/* End PBXFrameworksBuildPhase section */

/* Begin PBXGroup section */
		589219D72B678634001B3ED4 /* App */ = {
			isa = PBXGroup;
			children = (
				58A65D5C2B611E9000FB92CC /* PomedsApp.swift */,
				58A65D672B611E9400FB92CC /* Pomeds.entitlements */,
				58A65D682B611E9400FB92CC /* Info.plist */,
			);
			path = App;
			sourceTree = "<group>";
		};
		589219D82B678639001B3ED4 /* Domain */ = {
			isa = PBXGroup;
			children = (
				589219F42B679BBF001B3ED4 /* Interactor.swift */,
				589219F62B679C10001B3ED4 /* Repository.swift */,
				589219DD2B67874E001B3ED4 /* Entity */,
				589219DE2B678758001B3ED4 /* UseCase */,
				589219E32B678EFA001B3ED4 /* Repository */,
			);
			path = Domain;
			sourceTree = "<group>";
		};
		589219D92B6786B5001B3ED4 /* Presentaion */ = {
			isa = PBXGroup;
			children = (
				589219DB2B6786C6001B3ED4 /* Features */,
			);
			path = Presentaion;
			sourceTree = "<group>";
		};
		589219DB2B6786C6001B3ED4 /* Features */ = {
			isa = PBXGroup;
			children = (
				58921A132B68D037001B3ED4 /* RegisterNewMedication */,
				58921A0E2B680E9F001B3ED4 /* Home */,
			);
			path = Features;
			sourceTree = "<group>";
		};
		589219DC2B6786D8001B3ED4 /* Resources */ = {
			isa = PBXGroup;
			children = (
				58A65D622B611E9400FB92CC /* Assets.xcassets */,
			);
			path = Resources;
			sourceTree = "<group>";
		};
		589219DD2B67874E001B3ED4 /* Entity */ = {
			isa = PBXGroup;
			children = (
				589219E62B678F6B001B3ED4 /* MedicationRecord.swift */,
				589219E82B679109001B3ED4 /* MedicationIntakeInfo.swift */,
				589219EA2B679259001B3ED4 /* SimplifiedMedicationIntakeInfo.swift */,
				589219EC2B679453001B3ED4 /* PushNotificationInfo.swift */,
			);
			path = Entity;
			sourceTree = "<group>";
		};
		589219DE2B678758001B3ED4 /* UseCase */ = {
			isa = PBXGroup;
			children = (
				589219F22B679B63001B3ED4 /* UseCase.swift */,
			);
			path = UseCase;
			sourceTree = "<group>";
		};
		589219E32B678EFA001B3ED4 /* Repository */ = {
			isa = PBXGroup;
			children = (
				589219F82B679D15001B3ED4 /* OngoingMedicationRepository.swift */,
			);
			path = Repository;
			sourceTree = "<group>";
		};
		589219FA2B679F26001B3ED4 /* DataSource */ = {
			isa = PBXGroup;
			children = (
				58921A002B679F6D001B3ED4 /* Network */,
				589219FF2B679F69001B3ED4 /* Local */,
			);
			path = DataSource;
			sourceTree = "<group>";
		};
		589219FB2B679F46001B3ED4 /* Services */ = {
			isa = PBXGroup;
			children = (
				589219FC2B679F53001B3ED4 /* Network */,
			);
			path = Services;
			sourceTree = "<group>";
		};
		589219FC2B679F53001B3ED4 /* Network */ = {
			isa = PBXGroup;
			children = (
				589219FD2B679F5D001B3ED4 /* SomeNetworkService.swift */,
			);
			path = Network;
			sourceTree = "<group>";
		};
		589219FF2B679F69001B3ED4 /* Local */ = {
			isa = PBXGroup;
			children = (
				58921A032B679F9A001B3ED4 /* LocalDataSource.swift */,
				58921A052B67A373001B3ED4 /* OngoingMedicationDataSource.swift */,
				58921A172B6910B8001B3ED4 /* OngoingMedicationClient.swift */,
			);
			path = Local;
			sourceTree = "<group>";
		};
		58921A002B679F6D001B3ED4 /* Network */ = {
			isa = PBXGroup;
			children = (
				58921A012B679F79001B3ED4 /* SomeNetworkDataSource.swift */,
			);
			path = Network;
			sourceTree = "<group>";
		};
		58921A0E2B680E9F001B3ED4 /* Home */ = {
			isa = PBXGroup;
			children = (
				58921A0F2B680EA7001B3ED4 /* HomeReducer.swift */,
				58921A112B68CBBD001B3ED4 /* HomeView.swift */,
			);
			path = Home;
			sourceTree = "<group>";
		};
		58921A132B68D037001B3ED4 /* RegisterNewMedication */ = {
			isa = PBXGroup;
			children = (
				58921A142B68D060001B3ED4 /* RegisterNewMedicationView.swift */,
			);
			path = RegisterNewMedication;
			sourceTree = "<group>";
		};
		58921A162B691056001B3ED4 /* Dependency */ = {
			isa = PBXGroup;
			children = (
				589219FB2B679F46001B3ED4 /* Services */,
				589219FA2B679F26001B3ED4 /* DataSource */,
			);
			path = Dependency;
			sourceTree = "<group>";
		};
		58A65D502B611E9000FB92CC = {
			isa = PBXGroup;
			children = (
				58A65D5B2B611E9000FB92CC /* Pomeds */,
				58A65D702B611E9400FB92CC /* PomedsTests */,
				58A65D7A2B611E9400FB92CC /* PomedsUITests */,
				58A65D5A2B611E9000FB92CC /* Products */,
			);
			sourceTree = "<group>";
		};
		58A65D5A2B611E9000FB92CC /* Products */ = {
			isa = PBXGroup;
			children = (
				58A65D592B611E9000FB92CC /* Pomeds.app */,
				58A65D6D2B611E9400FB92CC /* PomedsTests.xctest */,
				58A65D772B611E9400FB92CC /* PomedsUITests.xctest */,
			);
			name = Products;
			sourceTree = "<group>";
		};
		58A65D5B2B611E9000FB92CC /* Pomeds */ = {
			isa = PBXGroup;
			children = (
				589219D72B678634001B3ED4 /* App */,
				589219D82B678639001B3ED4 /* Domain */,
				589219D92B6786B5001B3ED4 /* Presentaion */,
				58921A162B691056001B3ED4 /* Dependency */,
				589219DC2B6786D8001B3ED4 /* Resources */,
				58A65D642B611E9400FB92CC /* Preview Content */,
			);
			path = Pomeds;
			sourceTree = "<group>";
		};
		58A65D642B611E9400FB92CC /* Preview Content */ = {
			isa = PBXGroup;
			children = (
				58A65D652B611E9400FB92CC /* Preview Assets.xcassets */,
			);
			path = "Preview Content";
			sourceTree = "<group>";
		};
		58A65D702B611E9400FB92CC /* PomedsTests */ = {
			isa = PBXGroup;
			children = (
				58A65D712B611E9400FB92CC /* PomedsTests.swift */,
			);
			path = PomedsTests;
			sourceTree = "<group>";
		};
		58A65D7A2B611E9400FB92CC /* PomedsUITests */ = {
			isa = PBXGroup;
			children = (
				58A65D7B2B611E9400FB92CC /* PomedsUITests.swift */,
				58A65D7D2B611E9400FB92CC /* PomedsUITestsLaunchTests.swift */,
			);
			path = PomedsUITests;
			sourceTree = "<group>";
		};
/* End PBXGroup section */

/* Begin PBXNativeTarget section */
		58A65D582B611E9000FB92CC /* Pomeds */ = {
			isa = PBXNativeTarget;
			buildConfigurationList = 58A65D812B611E9400FB92CC /* Build configuration list for PBXNativeTarget "Pomeds" */;
			buildPhases = (
				58A65D552B611E9000FB92CC /* Sources */,
				58A65D562B611E9000FB92CC /* Frameworks */,
				58A65D572B611E9000FB92CC /* Resources */,
			);
			buildRules = (
			);
			dependencies = (
			);
			name = Pomeds;
			packageProductDependencies = (
				58A65D8B2B611F4F00FB92CC /* Lottie */,
				58A65D8E2B61202000FB92CC /* ComposableArchitecture */,
				58921A082B67CAC4001B3ED4 /* Realm */,
				58921A0A2B67CAC4001B3ED4 /* RealmSwift */,
			);
			productName = Pomeds;
			productReference = 58A65D592B611E9000FB92CC /* Pomeds.app */;
			productType = "com.apple.product-type.application";
		};
		58A65D6C2B611E9400FB92CC /* PomedsTests */ = {
			isa = PBXNativeTarget;
			buildConfigurationList = 58A65D842B611E9400FB92CC /* Build configuration list for PBXNativeTarget "PomedsTests" */;
			buildPhases = (
				58A65D692B611E9400FB92CC /* Sources */,
				58A65D6A2B611E9400FB92CC /* Frameworks */,
				58A65D6B2B611E9400FB92CC /* Resources */,
			);
			buildRules = (
			);
			dependencies = (
				58A65D6F2B611E9400FB92CC /* PBXTargetDependency */,
			);
			name = PomedsTests;
			productName = PomedsTests;
			productReference = 58A65D6D2B611E9400FB92CC /* PomedsTests.xctest */;
			productType = "com.apple.product-type.bundle.unit-test";
		};
		58A65D762B611E9400FB92CC /* PomedsUITests */ = {
			isa = PBXNativeTarget;
			buildConfigurationList = 58A65D872B611E9400FB92CC /* Build configuration list for PBXNativeTarget "PomedsUITests" */;
			buildPhases = (
				58A65D732B611E9400FB92CC /* Sources */,
				58A65D742B611E9400FB92CC /* Frameworks */,
				58A65D752B611E9400FB92CC /* Resources */,
			);
			buildRules = (
			);
			dependencies = (
				58A65D792B611E9400FB92CC /* PBXTargetDependency */,
			);
			name = PomedsUITests;
			productName = PomedsUITests;
			productReference = 58A65D772B611E9400FB92CC /* PomedsUITests.xctest */;
			productType = "com.apple.product-type.bundle.ui-testing";
		};
/* End PBXNativeTarget section */

/* Begin PBXProject section */
		58A65D512B611E9000FB92CC /* Project object */ = {
			isa = PBXProject;
			attributes = {
				BuildIndependentTargetsInParallel = 1;
				LastSwiftUpdateCheck = 1520;
				LastUpgradeCheck = 1520;
				TargetAttributes = {
					58A65D582B611E9000FB92CC = {
						CreatedOnToolsVersion = 15.2;
					};
					58A65D6C2B611E9400FB92CC = {
						CreatedOnToolsVersion = 15.2;
						TestTargetID = 58A65D582B611E9000FB92CC;
					};
					58A65D762B611E9400FB92CC = {
						CreatedOnToolsVersion = 15.2;
						TestTargetID = 58A65D582B611E9000FB92CC;
					};
				};
			};
			buildConfigurationList = 58A65D542B611E9000FB92CC /* Build configuration list for PBXProject "Pomeds" */;
			compatibilityVersion = "Xcode 14.0";
			developmentRegion = ko;
			hasScannedForEncodings = 0;
			knownRegions = (
				en,
				Base,
				ko,
			);
			mainGroup = 58A65D502B611E9000FB92CC;
			packageReferences = (
				58A65D8A2B611F4F00FB92CC /* XCRemoteSwiftPackageReference "lottie-ios" */,
				58A65D8D2B61202000FB92CC /* XCRemoteSwiftPackageReference "swift-composable-architecture" */,
				58921A072B67CAC4001B3ED4 /* XCRemoteSwiftPackageReference "realm-swift" */,
			);
			productRefGroup = 58A65D5A2B611E9000FB92CC /* Products */;
			projectDirPath = "";
			projectRoot = "";
			targets = (
				58A65D582B611E9000FB92CC /* Pomeds */,
				58A65D6C2B611E9400FB92CC /* PomedsTests */,
				58A65D762B611E9400FB92CC /* PomedsUITests */,
			);
		};
/* End PBXProject section */

/* Begin PBXResourcesBuildPhase section */
		58A65D572B611E9000FB92CC /* Resources */ = {
			isa = PBXResourcesBuildPhase;
			buildActionMask = 2147483647;
			files = (
				58A65D662B611E9400FB92CC /* Preview Assets.xcassets in Resources */,
				58A65D632B611E9400FB92CC /* Assets.xcassets in Resources */,
			);
			runOnlyForDeploymentPostprocessing = 0;
		};
		58A65D6B2B611E9400FB92CC /* Resources */ = {
			isa = PBXResourcesBuildPhase;
			buildActionMask = 2147483647;
			files = (
			);
			runOnlyForDeploymentPostprocessing = 0;
		};
		58A65D752B611E9400FB92CC /* Resources */ = {
			isa = PBXResourcesBuildPhase;
			buildActionMask = 2147483647;
			files = (
			);
			runOnlyForDeploymentPostprocessing = 0;
		};
/* End PBXResourcesBuildPhase section */

/* Begin PBXSourcesBuildPhase section */
		58A65D552B611E9000FB92CC /* Sources */ = {
			isa = PBXSourcesBuildPhase;
			buildActionMask = 2147483647;
			files = (
				58921A042B679F9A001B3ED4 /* LocalDataSource.swift in Sources */,
				58921A152B68D060001B3ED4 /* RegisterNewMedicationView.swift in Sources */,
				589219F52B679BBF001B3ED4 /* Interactor.swift in Sources */,
				589219EB2B679259001B3ED4 /* SimplifiedMedicationIntakeInfo.swift in Sources */,
				589219E92B679109001B3ED4 /* MedicationIntakeInfo.swift in Sources */,
				58921A182B6910B8001B3ED4 /* OngoingMedicationClient.swift in Sources */,
				589219F92B679D15001B3ED4 /* OngoingMedicationRepository.swift in Sources */,
				589219F32B679B63001B3ED4 /* UseCase.swift in Sources */,
				58A65D5D2B611E9000FB92CC /* PomedsApp.swift in Sources */,
				58921A022B679F79001B3ED4 /* SomeNetworkDataSource.swift in Sources */,
				589219FE2B679F5D001B3ED4 /* SomeNetworkService.swift in Sources */,
				589219ED2B679453001B3ED4 /* PushNotificationInfo.swift in Sources */,
				589219E72B678F6B001B3ED4 /* MedicationRecord.swift in Sources */,
				58921A102B680EA7001B3ED4 /* HomeReducer.swift in Sources */,
				58921A122B68CBBD001B3ED4 /* HomeView.swift in Sources */,
				589219F72B679C10001B3ED4 /* Repository.swift in Sources */,
				58921A062B67A373001B3ED4 /* OngoingMedicationDataSource.swift in Sources */,
			);
			runOnlyForDeploymentPostprocessing = 0;
		};
		58A65D692B611E9400FB92CC /* Sources */ = {
			isa = PBXSourcesBuildPhase;
			buildActionMask = 2147483647;
			files = (
				58A65D722B611E9400FB92CC /* PomedsTests.swift in Sources */,
			);
			runOnlyForDeploymentPostprocessing = 0;
		};
		58A65D732B611E9400FB92CC /* Sources */ = {
			isa = PBXSourcesBuildPhase;
			buildActionMask = 2147483647;
			files = (
				58A65D7E2B611E9400FB92CC /* PomedsUITestsLaunchTests.swift in Sources */,
				58A65D7C2B611E9400FB92CC /* PomedsUITests.swift in Sources */,
			);
			runOnlyForDeploymentPostprocessing = 0;
		};
/* End PBXSourcesBuildPhase section */

/* Begin PBXTargetDependency section */
		58A65D6F2B611E9400FB92CC /* PBXTargetDependency */ = {
			isa = PBXTargetDependency;
			target = 58A65D582B611E9000FB92CC /* Pomeds */;
			targetProxy = 58A65D6E2B611E9400FB92CC /* PBXContainerItemProxy */;
		};
		58A65D792B611E9400FB92CC /* PBXTargetDependency */ = {
			isa = PBXTargetDependency;
			target = 58A65D582B611E9000FB92CC /* Pomeds */;
			targetProxy = 58A65D782B611E9400FB92CC /* PBXContainerItemProxy */;
		};
/* End PBXTargetDependency section */

/* Begin XCBuildConfiguration section */
		58A65D7F2B611E9400FB92CC /* Debug */ = {
			isa = XCBuildConfiguration;
			buildSettings = {
				ALWAYS_SEARCH_USER_PATHS = NO;
				ASSETCATALOG_COMPILER_GENERATE_SWIFT_ASSET_SYMBOL_EXTENSIONS = YES;
				CLANG_ANALYZER_NONNULL = YES;
				CLANG_ANALYZER_NUMBER_OBJECT_CONVERSION = YES_AGGRESSIVE;
				CLANG_CXX_LANGUAGE_STANDARD = "gnu++20";
				CLANG_ENABLE_MODULES = YES;
				CLANG_ENABLE_OBJC_ARC = YES;
				CLANG_ENABLE_OBJC_WEAK = YES;
				CLANG_WARN_BLOCK_CAPTURE_AUTORELEASING = YES;
				CLANG_WARN_BOOL_CONVERSION = YES;
				CLANG_WARN_COMMA = YES;
				CLANG_WARN_CONSTANT_CONVERSION = YES;
				CLANG_WARN_DEPRECATED_OBJC_IMPLEMENTATIONS = YES;
				CLANG_WARN_DIRECT_OBJC_ISA_USAGE = YES_ERROR;
				CLANG_WARN_DOCUMENTATION_COMMENTS = YES;
				CLANG_WARN_EMPTY_BODY = YES;
				CLANG_WARN_ENUM_CONVERSION = YES;
				CLANG_WARN_INFINITE_RECURSION = YES;
				CLANG_WARN_INT_CONVERSION = YES;
				CLANG_WARN_NON_LITERAL_NULL_CONVERSION = YES;
				CLANG_WARN_OBJC_IMPLICIT_RETAIN_SELF = YES;
				CLANG_WARN_OBJC_LITERAL_CONVERSION = YES;
				CLANG_WARN_OBJC_ROOT_CLASS = YES_ERROR;
				CLANG_WARN_QUOTED_INCLUDE_IN_FRAMEWORK_HEADER = YES;
				CLANG_WARN_RANGE_LOOP_ANALYSIS = YES;
				CLANG_WARN_STRICT_PROTOTYPES = YES;
				CLANG_WARN_SUSPICIOUS_MOVE = YES;
				CLANG_WARN_UNGUARDED_AVAILABILITY = YES_AGGRESSIVE;
				CLANG_WARN_UNREACHABLE_CODE = YES;
				CLANG_WARN__DUPLICATE_METHOD_MATCH = YES;
				COPY_PHASE_STRIP = NO;
				DEBUG_INFORMATION_FORMAT = dwarf;
				ENABLE_STRICT_OBJC_MSGSEND = YES;
				ENABLE_TESTABILITY = YES;
				ENABLE_USER_SCRIPT_SANDBOXING = YES;
				GCC_C_LANGUAGE_STANDARD = gnu17;
				GCC_DYNAMIC_NO_PIC = NO;
				GCC_NO_COMMON_BLOCKS = YES;
				GCC_OPTIMIZATION_LEVEL = 0;
				GCC_PREPROCESSOR_DEFINITIONS = (
					"DEBUG=1",
					"$(inherited)",
				);
				GCC_WARN_64_TO_32_BIT_CONVERSION = YES;
				GCC_WARN_ABOUT_RETURN_TYPE = YES_ERROR;
				GCC_WARN_UNDECLARED_SELECTOR = YES;
				GCC_WARN_UNINITIALIZED_AUTOS = YES_AGGRESSIVE;
				GCC_WARN_UNUSED_FUNCTION = YES;
				GCC_WARN_UNUSED_VARIABLE = YES;
				IPHONEOS_DEPLOYMENT_TARGET = 17.0;
				LOCALIZATION_PREFERS_STRING_CATALOGS = YES;
				MTL_ENABLE_DEBUG_INFO = INCLUDE_SOURCE;
				MTL_FAST_MATH = YES;
				ONLY_ACTIVE_ARCH = YES;
				SDKROOT = iphoneos;
				SWIFT_ACTIVE_COMPILATION_CONDITIONS = "DEBUG $(inherited)";
				SWIFT_OPTIMIZATION_LEVEL = "-Onone";
			};
			name = Debug;
		};
		58A65D802B611E9400FB92CC /* Release */ = {
			isa = XCBuildConfiguration;
			buildSettings = {
				ALWAYS_SEARCH_USER_PATHS = NO;
				ASSETCATALOG_COMPILER_GENERATE_SWIFT_ASSET_SYMBOL_EXTENSIONS = YES;
				CLANG_ANALYZER_NONNULL = YES;
				CLANG_ANALYZER_NUMBER_OBJECT_CONVERSION = YES_AGGRESSIVE;
				CLANG_CXX_LANGUAGE_STANDARD = "gnu++20";
				CLANG_ENABLE_MODULES = YES;
				CLANG_ENABLE_OBJC_ARC = YES;
				CLANG_ENABLE_OBJC_WEAK = YES;
				CLANG_WARN_BLOCK_CAPTURE_AUTORELEASING = YES;
				CLANG_WARN_BOOL_CONVERSION = YES;
				CLANG_WARN_COMMA = YES;
				CLANG_WARN_CONSTANT_CONVERSION = YES;
				CLANG_WARN_DEPRECATED_OBJC_IMPLEMENTATIONS = YES;
				CLANG_WARN_DIRECT_OBJC_ISA_USAGE = YES_ERROR;
				CLANG_WARN_DOCUMENTATION_COMMENTS = YES;
				CLANG_WARN_EMPTY_BODY = YES;
				CLANG_WARN_ENUM_CONVERSION = YES;
				CLANG_WARN_INFINITE_RECURSION = YES;
				CLANG_WARN_INT_CONVERSION = YES;
				CLANG_WARN_NON_LITERAL_NULL_CONVERSION = YES;
				CLANG_WARN_OBJC_IMPLICIT_RETAIN_SELF = YES;
				CLANG_WARN_OBJC_LITERAL_CONVERSION = YES;
				CLANG_WARN_OBJC_ROOT_CLASS = YES_ERROR;
				CLANG_WARN_QUOTED_INCLUDE_IN_FRAMEWORK_HEADER = YES;
				CLANG_WARN_RANGE_LOOP_ANALYSIS = YES;
				CLANG_WARN_STRICT_PROTOTYPES = YES;
				CLANG_WARN_SUSPICIOUS_MOVE = YES;
				CLANG_WARN_UNGUARDED_AVAILABILITY = YES_AGGRESSIVE;
				CLANG_WARN_UNREACHABLE_CODE = YES;
				CLANG_WARN__DUPLICATE_METHOD_MATCH = YES;
				COPY_PHASE_STRIP = NO;
				DEBUG_INFORMATION_FORMAT = "dwarf-with-dsym";
				ENABLE_NS_ASSERTIONS = NO;
				ENABLE_STRICT_OBJC_MSGSEND = YES;
				ENABLE_USER_SCRIPT_SANDBOXING = YES;
				GCC_C_LANGUAGE_STANDARD = gnu17;
				GCC_NO_COMMON_BLOCKS = YES;
				GCC_WARN_64_TO_32_BIT_CONVERSION = YES;
				GCC_WARN_ABOUT_RETURN_TYPE = YES_ERROR;
				GCC_WARN_UNDECLARED_SELECTOR = YES;
				GCC_WARN_UNINITIALIZED_AUTOS = YES_AGGRESSIVE;
				GCC_WARN_UNUSED_FUNCTION = YES;
				GCC_WARN_UNUSED_VARIABLE = YES;
				IPHONEOS_DEPLOYMENT_TARGET = 17.0;
				LOCALIZATION_PREFERS_STRING_CATALOGS = YES;
				MTL_ENABLE_DEBUG_INFO = NO;
				MTL_FAST_MATH = YES;
				SDKROOT = iphoneos;
				SWIFT_COMPILATION_MODE = wholemodule;
				VALIDATE_PRODUCT = YES;
			};
			name = Release;
		};
		58A65D822B611E9400FB92CC /* Debug */ = {
			isa = XCBuildConfiguration;
			buildSettings = {
				ASSETCATALOG_COMPILER_APPICON_NAME = AppIcon;
				ASSETCATALOG_COMPILER_GLOBAL_ACCENT_COLOR_NAME = AccentColor;
				CODE_SIGN_ENTITLEMENTS = Pomeds/App/Pomeds.entitlements;
				CODE_SIGN_STYLE = Automatic;
				CURRENT_PROJECT_VERSION = 1;
				DEVELOPMENT_ASSET_PATHS = "\"Pomeds/Preview Content\"";
				DEVELOPMENT_TEAM = 98TYR8WM82;
				ENABLE_PREVIEWS = YES;
				GENERATE_INFOPLIST_FILE = YES;
				INFOPLIST_FILE = Pomeds/App/Info.plist;
				INFOPLIST_KEY_CFBundleDisplayName = PoMeds;
				INFOPLIST_KEY_LSApplicationCategoryType = "public.app-category.medical";
				INFOPLIST_KEY_UIApplicationSceneManifest_Generation = YES;
				INFOPLIST_KEY_UIApplicationSupportsIndirectInputEvents = YES;
				INFOPLIST_KEY_UILaunchScreen_Generation = YES;
				INFOPLIST_KEY_UISupportedInterfaceOrientations = UIInterfaceOrientationPortrait;
				INFOPLIST_KEY_UISupportedInterfaceOrientations_iPad = "UIInterfaceOrientationLandscapeLeft UIInterfaceOrientationLandscapeRight UIInterfaceOrientationPortrait UIInterfaceOrientationPortraitUpsideDown";
				IPHONEOS_DEPLOYMENT_TARGET = 17.0;
				LD_RUNPATH_SEARCH_PATHS = (
					"$(inherited)",
					"@executable_path/Frameworks",
				);
				MARKETING_VERSION = 1.0.0;
				PRODUCT_BUNDLE_IDENTIFIER = com.product.tca.pomeds;
				PRODUCT_NAME = "$(TARGET_NAME)";
				SUPPORTED_PLATFORMS = "iphoneos iphonesimulator";
				SUPPORTS_MACCATALYST = NO;
				SUPPORTS_MAC_DESIGNED_FOR_IPHONE_IPAD = NO;
				SUPPORTS_XR_DESIGNED_FOR_IPHONE_IPAD = NO;
				SWIFT_EMIT_LOC_STRINGS = YES;
				SWIFT_VERSION = 5.0;
				TARGETED_DEVICE_FAMILY = 1;
			};
			name = Debug;
		};
		58A65D832B611E9400FB92CC /* Release */ = {
			isa = XCBuildConfiguration;
			buildSettings = {
				ASSETCATALOG_COMPILER_APPICON_NAME = AppIcon;
				ASSETCATALOG_COMPILER_GLOBAL_ACCENT_COLOR_NAME = AccentColor;
				CODE_SIGN_ENTITLEMENTS = Pomeds/App/Pomeds.entitlements;
				CODE_SIGN_STYLE = Automatic;
				CURRENT_PROJECT_VERSION = 1;
				DEVELOPMENT_ASSET_PATHS = "\"Pomeds/Preview Content\"";
				DEVELOPMENT_TEAM = 98TYR8WM82;
				ENABLE_PREVIEWS = YES;
				GENERATE_INFOPLIST_FILE = YES;
				INFOPLIST_FILE = Pomeds/App/Info.plist;
				INFOPLIST_KEY_CFBundleDisplayName = PoMeds;
				INFOPLIST_KEY_LSApplicationCategoryType = "public.app-category.medical";
				INFOPLIST_KEY_UIApplicationSceneManifest_Generation = YES;
				INFOPLIST_KEY_UIApplicationSupportsIndirectInputEvents = YES;
				INFOPLIST_KEY_UILaunchScreen_Generation = YES;
				INFOPLIST_KEY_UISupportedInterfaceOrientations = UIInterfaceOrientationPortrait;
				INFOPLIST_KEY_UISupportedInterfaceOrientations_iPad = "UIInterfaceOrientationLandscapeLeft UIInterfaceOrientationLandscapeRight UIInterfaceOrientationPortrait UIInterfaceOrientationPortraitUpsideDown";
				IPHONEOS_DEPLOYMENT_TARGET = 17.0;
				LD_RUNPATH_SEARCH_PATHS = (
					"$(inherited)",
					"@executable_path/Frameworks",
				);
				MARKETING_VERSION = 1.0.0;
				PRODUCT_BUNDLE_IDENTIFIER = com.product.tca.pomeds;
				PRODUCT_NAME = "$(TARGET_NAME)";
				SUPPORTED_PLATFORMS = "iphoneos iphonesimulator";
				SUPPORTS_MACCATALYST = NO;
				SUPPORTS_MAC_DESIGNED_FOR_IPHONE_IPAD = NO;
				SUPPORTS_XR_DESIGNED_FOR_IPHONE_IPAD = NO;
				SWIFT_EMIT_LOC_STRINGS = YES;
				SWIFT_VERSION = 5.0;
				TARGETED_DEVICE_FAMILY = 1;
			};
			name = Release;
		};
		58A65D852B611E9400FB92CC /* Debug */ = {
			isa = XCBuildConfiguration;
			buildSettings = {
				ALWAYS_EMBED_SWIFT_STANDARD_LIBRARIES = YES;
				BUNDLE_LOADER = "$(TEST_HOST)";
				CODE_SIGN_STYLE = Automatic;
				CURRENT_PROJECT_VERSION = 1;
				DEVELOPMENT_TEAM = 98TYR8WM82;
				GENERATE_INFOPLIST_FILE = YES;
				IPHONEOS_DEPLOYMENT_TARGET = 17.0;
				MARKETING_VERSION = 1.0;
				PRODUCT_BUNDLE_IDENTIFIER = com.product.PomedsTests;
				PRODUCT_NAME = "$(TARGET_NAME)";
				SUPPORTED_PLATFORMS = "iphoneos iphonesimulator";
				SUPPORTS_MACCATALYST = NO;
				SUPPORTS_MAC_DESIGNED_FOR_IPHONE_IPAD = NO;
				SUPPORTS_XR_DESIGNED_FOR_IPHONE_IPAD = NO;
				SWIFT_EMIT_LOC_STRINGS = NO;
				SWIFT_VERSION = 5.0;
				TARGETED_DEVICE_FAMILY = 1;
				TEST_HOST = "$(BUILT_PRODUCTS_DIR)/Pomeds.app/$(BUNDLE_EXECUTABLE_FOLDER_PATH)/Pomeds";
			};
			name = Debug;
		};
		58A65D862B611E9400FB92CC /* Release */ = {
			isa = XCBuildConfiguration;
			buildSettings = {
				ALWAYS_EMBED_SWIFT_STANDARD_LIBRARIES = YES;
				BUNDLE_LOADER = "$(TEST_HOST)";
				CODE_SIGN_STYLE = Automatic;
				CURRENT_PROJECT_VERSION = 1;
				DEVELOPMENT_TEAM = 98TYR8WM82;
				GENERATE_INFOPLIST_FILE = YES;
				IPHONEOS_DEPLOYMENT_TARGET = 17.0;
				MARKETING_VERSION = 1.0;
				PRODUCT_BUNDLE_IDENTIFIER = com.product.PomedsTests;
				PRODUCT_NAME = "$(TARGET_NAME)";
				SUPPORTED_PLATFORMS = "iphoneos iphonesimulator";
				SUPPORTS_MACCATALYST = NO;
				SUPPORTS_MAC_DESIGNED_FOR_IPHONE_IPAD = NO;
				SUPPORTS_XR_DESIGNED_FOR_IPHONE_IPAD = NO;
				SWIFT_EMIT_LOC_STRINGS = NO;
				SWIFT_VERSION = 5.0;
				TARGETED_DEVICE_FAMILY = 1;
				TEST_HOST = "$(BUILT_PRODUCTS_DIR)/Pomeds.app/$(BUNDLE_EXECUTABLE_FOLDER_PATH)/Pomeds";
			};
			name = Release;
		};
		58A65D882B611E9400FB92CC /* Debug */ = {
			isa = XCBuildConfiguration;
			buildSettings = {
				ALWAYS_EMBED_SWIFT_STANDARD_LIBRARIES = YES;
				CODE_SIGN_STYLE = Automatic;
				CURRENT_PROJECT_VERSION = 1;
				DEVELOPMENT_TEAM = 98TYR8WM82;
				GENERATE_INFOPLIST_FILE = YES;
				IPHONEOS_DEPLOYMENT_TARGET = 17.0;
				MARKETING_VERSION = 1.0;
				PRODUCT_BUNDLE_IDENTIFIER = com.product.PomedsUITests;
				PRODUCT_NAME = "$(TARGET_NAME)";
				SUPPORTED_PLATFORMS = "iphoneos iphonesimulator";
				SUPPORTS_MACCATALYST = NO;
				SUPPORTS_MAC_DESIGNED_FOR_IPHONE_IPAD = NO;
				SUPPORTS_XR_DESIGNED_FOR_IPHONE_IPAD = NO;
				SWIFT_EMIT_LOC_STRINGS = NO;
				SWIFT_VERSION = 5.0;
				TARGETED_DEVICE_FAMILY = 1;
				TEST_TARGET_NAME = Pomeds;
			};
			name = Debug;
		};
		58A65D892B611E9400FB92CC /* Release */ = {
			isa = XCBuildConfiguration;
			buildSettings = {
				ALWAYS_EMBED_SWIFT_STANDARD_LIBRARIES = YES;
				CODE_SIGN_STYLE = Automatic;
				CURRENT_PROJECT_VERSION = 1;
				DEVELOPMENT_TEAM = 98TYR8WM82;
				GENERATE_INFOPLIST_FILE = YES;
				IPHONEOS_DEPLOYMENT_TARGET = 17.0;
				MARKETING_VERSION = 1.0;
				PRODUCT_BUNDLE_IDENTIFIER = com.product.PomedsUITests;
				PRODUCT_NAME = "$(TARGET_NAME)";
				SUPPORTED_PLATFORMS = "iphoneos iphonesimulator";
				SUPPORTS_MACCATALYST = NO;
				SUPPORTS_MAC_DESIGNED_FOR_IPHONE_IPAD = NO;
				SUPPORTS_XR_DESIGNED_FOR_IPHONE_IPAD = NO;
				SWIFT_EMIT_LOC_STRINGS = NO;
				SWIFT_VERSION = 5.0;
				TARGETED_DEVICE_FAMILY = 1;
				TEST_TARGET_NAME = Pomeds;
			};
			name = Release;
		};
/* End XCBuildConfiguration section */

/* Begin XCConfigurationList section */
		58A65D542B611E9000FB92CC /* Build configuration list for PBXProject "Pomeds" */ = {
			isa = XCConfigurationList;
			buildConfigurations = (
				58A65D7F2B611E9400FB92CC /* Debug */,
				58A65D802B611E9400FB92CC /* Release */,
			);
			defaultConfigurationIsVisible = 0;
			defaultConfigurationName = Release;
		};
		58A65D812B611E9400FB92CC /* Build configuration list for PBXNativeTarget "Pomeds" */ = {
			isa = XCConfigurationList;
			buildConfigurations = (
				58A65D822B611E9400FB92CC /* Debug */,
				58A65D832B611E9400FB92CC /* Release */,
			);
			defaultConfigurationIsVisible = 0;
			defaultConfigurationName = Release;
		};
		58A65D842B611E9400FB92CC /* Build configuration list for PBXNativeTarget "PomedsTests" */ = {
			isa = XCConfigurationList;
			buildConfigurations = (
				58A65D852B611E9400FB92CC /* Debug */,
				58A65D862B611E9400FB92CC /* Release */,
			);
			defaultConfigurationIsVisible = 0;
			defaultConfigurationName = Release;
		};
		58A65D872B611E9400FB92CC /* Build configuration list for PBXNativeTarget "PomedsUITests" */ = {
			isa = XCConfigurationList;
			buildConfigurations = (
				58A65D882B611E9400FB92CC /* Debug */,
				58A65D892B611E9400FB92CC /* Release */,
			);
			defaultConfigurationIsVisible = 0;
			defaultConfigurationName = Release;
		};
/* End XCConfigurationList section */

/* Begin XCRemoteSwiftPackageReference section */
		58921A072B67CAC4001B3ED4 /* XCRemoteSwiftPackageReference "realm-swift" */ = {
			isa = XCRemoteSwiftPackageReference;
			repositoryURL = "https://github.com/realm/realm-swift.git";
			requirement = {
				branch = master;
				kind = branch;
			};
		};
		58A65D8A2B611F4F00FB92CC /* XCRemoteSwiftPackageReference "lottie-ios" */ = {
			isa = XCRemoteSwiftPackageReference;
			repositoryURL = "https://github.com/airbnb/lottie-ios";
			requirement = {
				kind = upToNextMajorVersion;
				minimumVersion = 4.4.0;
			};
		};
		58A65D8D2B61202000FB92CC /* XCRemoteSwiftPackageReference "swift-composable-architecture" */ = {
			isa = XCRemoteSwiftPackageReference;
			repositoryURL = "https://github.com/pointfreeco/swift-composable-architecture#Installation";
			requirement = {
				kind = upToNextMajorVersion;
				minimumVersion = 1.6.0;
			};
		};
/* End XCRemoteSwiftPackageReference section */

/* Begin XCSwiftPackageProductDependency section */
		58921A082B67CAC4001B3ED4 /* Realm */ = {
			isa = XCSwiftPackageProductDependency;
			package = 58921A072B67CAC4001B3ED4 /* XCRemoteSwiftPackageReference "realm-swift" */;
			productName = Realm;
		};
		58921A0A2B67CAC4001B3ED4 /* RealmSwift */ = {
			isa = XCSwiftPackageProductDependency;
			package = 58921A072B67CAC4001B3ED4 /* XCRemoteSwiftPackageReference "realm-swift" */;
			productName = RealmSwift;
		};
		58A65D8B2B611F4F00FB92CC /* Lottie */ = {
			isa = XCSwiftPackageProductDependency;
			package = 58A65D8A2B611F4F00FB92CC /* XCRemoteSwiftPackageReference "lottie-ios" */;
			productName = Lottie;
		};
		58A65D8E2B61202000FB92CC /* ComposableArchitecture */ = {
			isa = XCSwiftPackageProductDependency;
			package = 58A65D8D2B61202000FB92CC /* XCRemoteSwiftPackageReference "swift-composable-architecture" */;
			productName = ComposableArchitecture;
		};
/* End XCSwiftPackageProductDependency section */
	};
	rootObject = 58A65D512B611E9000FB92CC /* Project object */;
}
